
Microsoft Visual Studio Solution File, Format Version 12.00
# Visual Studio 15
VisualStudioVersion = 15.0.27428.2015
MinimumVisualStudioVersion = 10.0.40219.1
Project("{FAE04EC0-301F-11D3-BF4B-00C04F79EFBC}") = "ValidatePerson", "ValidatePerson\ValidatePerson.csproj", "{52EAABBD-513E-4FA7-B743-AB8AF9B04D90}"
EndProject
Global
	GlobalSection(SolutionConfigurationPlatforms) = preSolution
		Debug|Any CPU = Debug|Any CPU
		Release|Any CPU = Release|Any CPU
	EndGlobalSection
	GlobalSection(ProjectConfigurationPlatforms) = postSolution
		{52EAABBD-513E-4FA7-B743-AB8AF9B04D90}.Debug|Any CPU.ActiveCfg = Debug|Any CPU
		{52EAABBD-513E-4FA7-B743-AB8AF9B04D90}.Debug|Any CPU.Build.0 = Debug|Any CPU
		{52EAABBD-513E-4FA7-B743-AB8AF9B04D90}.Release|Any CPU.ActiveCfg = Release|Any CPU
		{52EAABBD-513E-4FA7-B743-AB8AF9B04D90}.Release|Any CPU.Build.0 = Release|Any CPU
	EndGlobalSection
	GlobalSection(SolutionProperties) = preSolution
		HideSolutionNode = FALSE
	EndGlobalSection
	GlobalSection(ExtensibilityGlobals) = postSolution
		SolutionGuid = {37687A78-65FD-486A-B059-D4535E147602}
	EndGlobalSection
EndGlobal
